
Microsoft Visual Studio Solution File, Format Version 12.00
# Visual Studio Version 16
VisualStudioVersion = 16.0.30011.22
MinimumVisualStudioVersion = 10.0.40219.1
Project("{FAE04EC0-301F-11D3-BF4B-00C04F79EFBC}") = "fnxApplication", "fnxApplication.csproj", "{A328ED7E-BEBD-48C3-954F-FE6ED70B9D97}"
EndProject
Global
	GlobalSection(SolutionConfigurationPlatforms) = preSolution
		Debug|Any CPU = Debug|Any CPU
		Release|Any CPU = Release|Any CPU
	EndGlobalSection
	GlobalSection(ProjectConfigurationPlatforms) = postSolution
		{A328ED7E-BEBD-48C3-954F-FE6ED70B9D97}.Debug|Any CPU.ActiveCfg = Debug|Any CPU
		{A328ED7E-BEBD-48C3-954F-FE6ED70B9D97}.Debug|Any CPU.Build.0 = Debug|Any CPU
		{A328ED7E-BEBD-48C3-954F-FE6ED70B9D97}.Release|Any CPU.ActiveCfg = Release|Any CPU
		{A328ED7E-BEBD-48C3-954F-FE6ED70B9D97}.Release|Any CPU.Build.0 = Release|Any CPU
	EndGlobalSection
	GlobalSection(SolutionProperties) = preSolution
		HideSolutionNode = FALSE
	EndGlobalSection
	GlobalSection(ExtensibilityGlobals) = postSolution
		SolutionGuid = {C66C5F12-F701-4E09-97F7-DCA2B6CFF40B}
	EndGlobalSection
EndGlobal
